<?xml version="1.0" encoding="utf-8"?>
<Project ToolsVersion="4.0" xmlns="http://schemas.microsoft.com/developer/msbuild/2003">
  <ItemGroup>
    <ClCompile Include="Src\AllScenes.cpp" />
    <ClCompile Include="Src\BlockTutoScene.cpp" />
    <ClCompile Include="Src\GameScene.cpp" />
    <ClCompile Include="Src\main.cpp" />
    <ClCompile Include="Src\pch.cpp" />
    <ClCompile Include="Src\Player.cpp" />
    <ClCompile Include="Src\PlayerAction.cpp" />
    <ClCompile Include="Src\PlayerCondition.cpp" />
    <ClCompile Include="Src\SampleScene2.cpp" />
  </ItemGroup>
  <ItemGroup>
    <ClInclude Include="Include\AllScenes.h" />
    <ClInclude Include="Include\BlockTutoScene.h" />
    <ClInclude Include="Include\GameScene.h" />
    <ClInclude Include="Include\main.h" />
    <ClInclude Include="Include\pch.h" />
    <ClInclude Include="Include\Player.h" />
    <ClInclude Include="Include\PlayerAction.h" />
    <ClInclude Include="Include\PlayerCondition.h" />
    <ClInclude Include="Include\resource.h" />
    <ClInclude Include="Include\SampleScene2.h" />
  </ItemGroup>
</Project>