<?xml version="1.0" encoding="utf-8"?>
<Project ToolsVersion="4.0" xmlns="http://schemas.microsoft.com/developer/msbuild/2003">
  <ItemGroup>
    <ClCompile Include="Src\Player.cpp">
      <Filter>Player</Filter>
    </ClCompile>
    <ClCompile Include="Src\PlayerAction.cpp">
      <Filter>Player</Filter>
    </ClCompile>
    <ClCompile Include="Src\PlayerCondition.cpp">
      <Filter>Player</Filter>
    </ClCompile>
    <ClCompile Include="Src\AllScenes.cpp">
      <Filter>Fichiers sources</Filter>
    </ClCompile>
    <ClCompile Include="Src\BlockTutoScene.cpp">
      <Filter>Fichiers sources</Filter>
    </ClCompile>
    <ClCompile Include="Src\GameScene.cpp">
      <Filter>Fichiers sources</Filter>
    </ClCompile>
    <ClCompile Include="Src\main.cpp">
      <Filter>Fichiers sources</Filter>
    </ClCompile>
    <ClCompile Include="Src\SampleScene2.cpp">
      <Filter>Fichiers sources</Filter>
    </ClCompile>
    <ClCompile Include="Src\pch.cpp">
      <Filter>Fichiers sources</Filter>
    </ClCompile>
    <ClCompile Include="Src\Player.cpp">
      <Filter>Fichiers sources\Player</Filter>
    </ClCompile>
    <ClCompile Include="Src\PlayerCondition.cpp">
      <Filter>Fichiers sources\Player</Filter>
    </ClCompile>
    <ClCompile Include="Src\PlayerAction.cpp">
      <Filter>Fichiers sources\Player</Filter>
    </ClCompile>
    <ClCompile Include="Src\MainMenuScene.cpp">
      <Filter>Fichiers sources</Filter>
    </ClCompile>
  </ItemGroup>
  <ItemGroup>
    <ClInclude Include="Include\AllScenes.h">
      <Filter>Fichiers d%27en-tête</Filter>
    </ClInclude>
    <ClInclude Include="Include\BlockTutoScene.h">
      <Filter>Fichiers d%27en-tête</Filter>
    </ClInclude>
    <ClInclude Include="Include\SampleScene2.h">
      <Filter>Fichiers d%27en-tête</Filter>
    </ClInclude>
    <ClInclude Include="Include\resource.h">
      <Filter>Fichiers d%27en-tête</Filter>
    </ClInclude>
    <ClInclude Include="Include\Player.h">
      <Filter>Player</Filter>
    </ClInclude>
    <ClInclude Include="Include\PlayerAction.h">
      <Filter>Player</Filter>
    </ClInclude>
    <ClInclude Include="Include\PlayerCondition.h">
      <Filter>Player</Filter>
    </ClInclude>
    <ClInclude Include="Include\GameScene.h">
      <Filter>Fichiers d%27en-tête</Filter>
    </ClInclude>
    <ClInclude Include="Include\pch.h">
      <Filter>Fichiers d%27en-tête</Filter>
    </ClInclude>
    <ClInclude Include="Include\main.h">
      <Filter>Fichiers d%27en-tête</Filter>
    </ClInclude>
    <ClInclude Include="Include\MainMenuScene.h">
      <Filter>Fichiers d%27en-tête</Filter>
    </ClInclude>
  </ItemGroup>
  <ItemGroup>
    <Filter Include="Fichiers d%27en-tête">
      <UniqueIdentifier>{bc220a4d-3b6f-447f-adfd-360105c3a952}</UniqueIdentifier>
    </Filter>
    <Filter Include="Fichiers sources">
      <UniqueIdentifier>{66c103f3-4b4c-45f8-bb9c-cfd3c6a15ea1}</UniqueIdentifier>
    </Filter>
    <Filter Include="Player">
      <UniqueIdentifier>{f737ae5c-80e4-427b-bea2-c6fa1513c21a}</UniqueIdentifier>
    </Filter>
  </ItemGroup>
</Project>