<?xml version="1.0" encoding="utf-8"?>
<Project ToolsVersion="4.0" xmlns="http://schemas.microsoft.com/developer/msbuild/2003">
  <ItemGroup>
    <ClCompile Include="Src\CameraManager.cpp" />
    <ClCompile Include="Src\CameraSystem.cpp" />
    <ClCompile Include="Src\CommandManager.cpp" />
    <ClCompile Include="Src\ComponentManager.cpp" />
    <ClCompile Include="Src\DescriptorManager.cpp" />
    <ClCompile Include="Src\DevScene.cpp" />
    <ClCompile Include="Src\ECSManager.cpp" />
    <ClCompile Include="Src\EntityManager.cpp" />
    <ClCompile Include="Src\GameManager.cpp" />
    <ClCompile Include="Src\GameObject.cpp" />
    <ClCompile Include="Src\GraphicsDevice.cpp" />
    <ClCompile Include="Src\GraphicsPipeline.cpp" />
    <ClCompile Include="Src\InputManager.cpp" />
    <ClCompile Include="Src\MeshManager.cpp" />
    <ClCompile Include="Src\pch.cpp" />
    <ClCompile Include="Src\Render2D.cpp" />
    <ClCompile Include="Src\Render3D.cpp" />
    <ClCompile Include="Src\RenderingManager.cpp" />
    <ClCompile Include="Src\ResourceManager.cpp" />
    <ClCompile Include="Src\SampleScene.cpp" />
    <ClCompile Include="Src\Scene.cpp" />
    <ClCompile Include="Src\SceneManager.cpp" />
    <ClCompile Include="Src\SceneResources.cpp" />
    <ClCompile Include="Src\SoundManager.cpp" />
    <ClCompile Include="Src\SystemManager.cpp" />
    <ClCompile Include="Src\TextureManager.cpp" />
    <ClCompile Include="Src\TransformSystem.cpp" />
    <ClCompile Include="Src\WindowPlex.cpp" />
  </ItemGroup>
  <ItemGroup>
    <ClInclude Include="Include\CameraManager.h" />
    <ClInclude Include="Include\CameraSystem.h" />
    <ClInclude Include="Include\CommandManager.h" />
    <ClInclude Include="Include\CommonInclude.h" />
    <ClInclude Include="Include\ComponentManager.h" />
    <ClInclude Include="Include\Components.h" />
    <ClInclude Include="Include\DescriptorManager.h" />
    <ClInclude Include="Include\DevScene.h" />
    <ClInclude Include="Include\ECSManager.h" />
    <ClInclude Include="Include\EntityManager.h" />
    <ClInclude Include="Include\GameManager.h" />
    <ClInclude Include="Include\GameObject.h" />
    <ClInclude Include="Include\GraphicsDevice.h" />
    <ClInclude Include="Include\GraphicsPipeline.h" />
    <ClInclude Include="Include\InputManager.h" />
    <ClInclude Include="Include\IRender.h" />
    <ClInclude Include="Include\ISystem.h" />
    <ClInclude Include="Include\MeshManager.h" />
    <ClInclude Include="Include\pch.h" />
    <ClInclude Include="Include\Render2D.h" />
    <ClInclude Include="Include\Render3D.h" />
    <ClInclude Include="Include\RenderingManager.h" />
    <ClInclude Include="Include\ResourceManager.h" />
    <ClInclude Include="Include\SampleScene.h" />
    <ClInclude Include="Include\Scene.h" />
    <ClInclude Include="Include\SceneManager.h" />
    <ClInclude Include="Include\SceneResources.h" />
    <ClInclude Include="Include\SoundManager.h" />
    <ClInclude Include="Include\SystemManager.h" />
    <ClInclude Include="Include\TextureManager.h" />
    <ClInclude Include="Include\TransformSystem.h" />
    <ClInclude Include="Include\Utils.h" />
    <ClInclude Include="Include\WindowPlex.h" />
    <ClInclude Include="Include\Action.h">
      <Filter>StateMachine</Filter>
    </ClInclude>
    <ClInclude Include="Include\Behaviour.h">
      <Filter>StateMachine</Filter>
    </ClInclude>
    <ClInclude Include="Include\Condition.h">
      <Filter>StateMachine</Filter>
    </ClInclude>
    <ClInclude Include="Include\StateMachine.h">
      <Filter>StateMachine</Filter>
    </ClInclude>
    <ClInclude Include="Include\Transition.h">
      <Filter>StateMachine</Filter>
    </ClInclude>
  </ItemGroup>
  <ItemGroup>
    <Image Include="Ressources\TestBRAS.png" />
  </ItemGroup>
  <ItemGroup>
    <None Include="Ressources\VertexShader.hlsl" />
    <None Include="Ressources\2DShader.hlsl" />
    <None Include="Include\Behaviour.inl">
      <Filter>StateMachine</Filter>
    </None>
    <None Include="Include\Condition.inl">
      <Filter>StateMachine</Filter>
    </None>
    <None Include="Include\Transition.inl">
      <Filter>StateMachine</Filter>
    </None>
  </ItemGroup>
  <ItemGroup>
    <Filter Include="StateMachine">
      <UniqueIdentifier>{375fec1d-bb3f-451c-8328-658a725a4ee9}</UniqueIdentifier>
    </Filter>
  </ItemGroup>
</Project>