
Microsoft Visual Studio Solution File, Format Version 12.00
# Visual Studio Version 17
VisualStudioVersion = 17.12.35527.113
MinimumVisualStudioVersion = 10.0.40219.1
Project("{8BC9CEB8-8B4A-11D0-8D11-00A0C91BC942}") = "LyonPlexLib", "LyonPlexLib\LyonPlexLib.vcxproj", "{7BB12CB5-E944-46C8-927B-D64AE9F39FC9}"
	ProjectSection(ProjectDependencies) = postProject
		{3E0E8608-CD9B-4C76-AF33-29CA38F2C9F0} = {3E0E8608-CD9B-4C76-AF33-29CA38F2C9F0}
	EndProjectSection
EndProject
Project("{8BC9CEB8-8B4A-11D0-8D11-00A0C91BC942}") = "SampleProject", "SampleProject\SampleProject.vcxproj", "{EF282B5E-FB79-4EF3-97BC-48D6CB37DF5F}"
	ProjectSection(ProjectDependencies) = postProject
		{3E0E8608-CD9B-4C76-AF33-29CA38F2C9F0} = {3E0E8608-CD9B-4C76-AF33-29CA38F2C9F0}
		{7BB12CB5-E944-46C8-927B-D64AE9F39FC9} = {7BB12CB5-E944-46C8-927B-D64AE9F39FC9}
	EndProjectSection
EndProject
Project("{8BC9CEB8-8B4A-11D0-8D11-00A0C91BC942}") = "DirectXTK12", "ExternalLib\DirectXTK12-main\DirectXTK_Desktop_2022_Win10.vcxproj", "{3E0E8608-CD9B-4C76-AF33-29CA38F2C9F0}"
EndProject
Global
	GlobalSection(SolutionConfigurationPlatforms) = preSolution
		Debug|x64 = Debug|x64
		Debug|x86 = Debug|x86
		Release|x64 = Release|x64
		Release|x86 = Release|x86
	EndGlobalSection
	GlobalSection(ProjectConfigurationPlatforms) = postSolution
		{7BB12CB5-E944-46C8-927B-D64AE9F39FC9}.Debug|x64.ActiveCfg = Debug|x64
		{7BB12CB5-E944-46C8-927B-D64AE9F39FC9}.Debug|x64.Build.0 = Debug|x64
		{7BB12CB5-E944-46C8-927B-D64AE9F39FC9}.Debug|x86.ActiveCfg = Debug|Win32
		{7BB12CB5-E944-46C8-927B-D64AE9F39FC9}.Debug|x86.Build.0 = Debug|Win32
		{7BB12CB5-E944-46C8-927B-D64AE9F39FC9}.Release|x64.ActiveCfg = Release|x64
		{7BB12CB5-E944-46C8-927B-D64AE9F39FC9}.Release|x64.Build.0 = Release|x64
		{7BB12CB5-E944-46C8-927B-D64AE9F39FC9}.Release|x86.ActiveCfg = Release|Win32
		{7BB12CB5-E944-46C8-927B-D64AE9F39FC9}.Release|x86.Build.0 = Release|Win32
		{EF282B5E-FB79-4EF3-97BC-48D6CB37DF5F}.Debug|x64.ActiveCfg = Debug|x64
		{EF282B5E-FB79-4EF3-97BC-48D6CB37DF5F}.Debug|x64.Build.0 = Debug|x64
		{EF282B5E-FB79-4EF3-97BC-48D6CB37DF5F}.Debug|x86.ActiveCfg = Debug|Win32
		{EF282B5E-FB79-4EF3-97BC-48D6CB37DF5F}.Debug|x86.Build.0 = Debug|Win32
		{EF282B5E-FB79-4EF3-97BC-48D6CB37DF5F}.Release|x64.ActiveCfg = Release|x64
		{EF282B5E-FB79-4EF3-97BC-48D6CB37DF5F}.Release|x64.Build.0 = Release|x64
		{EF282B5E-FB79-4EF3-97BC-48D6CB37DF5F}.Release|x86.ActiveCfg = Release|Win32
		{EF282B5E-FB79-4EF3-97BC-48D6CB37DF5F}.Release|x86.Build.0 = Release|Win32
		{3E0E8608-CD9B-4C76-AF33-29CA38F2C9F0}.Debug|x64.ActiveCfg = Debug|x64
		{3E0E8608-CD9B-4C76-AF33-29CA38F2C9F0}.Debug|x64.Build.0 = Debug|x64
		{3E0E8608-CD9B-4C76-AF33-29CA38F2C9F0}.Debug|x86.ActiveCfg = Debug|Win32
		{3E0E8608-CD9B-4C76-AF33-29CA38F2C9F0}.Debug|x86.Build.0 = Debug|Win32
		{3E0E8608-CD9B-4C76-AF33-29CA38F2C9F0}.Release|x64.ActiveCfg = Release|x64
		{3E0E8608-CD9B-4C76-AF33-29CA38F2C9F0}.Release|x64.Build.0 = Release|x64
		{3E0E8608-CD9B-4C76-AF33-29CA38F2C9F0}.Release|x86.ActiveCfg = Release|Win32
		{3E0E8608-CD9B-4C76-AF33-29CA38F2C9F0}.Release|x86.Build.0 = Release|Win32
	EndGlobalSection
	GlobalSection(SolutionProperties) = preSolution
		HideSolutionNode = FALSE
	EndGlobalSection
	GlobalSection(ExtensibilityGlobals) = postSolution
		SolutionGuid = {0F990616-775C-4A52-8DB5-B2758C7C882B}
	EndGlobalSection
EndGlobal
